
Microsoft Visual Studio Solution File, Format Version 12.00
# Visual Studio Version 17
VisualStudioVersion = 17.2.32630.192
MinimumVisualStudioVersion = 10.0.40219.1
Project("{FAE04EC0-301F-11D3-BF4B-00C04F79EFBC}") = "MyDemos", "MyDemos\MyDemos.csproj", "{7936AFB8-8723-4793-A282-0A876296F025}"
EndProject
Global
	GlobalSection(SolutionConfigurationPlatforms) = preSolution
		Debug|Any CPU = Debug|Any CPU
		Release|Any CPU = Release|Any CPU
	EndGlobalSection
	GlobalSection(ProjectConfigurationPlatforms) = postSolution
		{7936AFB8-8723-4793-A282-0A876296F025}.Debug|Any CPU.ActiveCfg = Debug|Any CPU
		{7936AFB8-8723-4793-A282-0A876296F025}.Debug|Any CPU.Build.0 = Debug|Any CPU
		{7936AFB8-8723-4793-A282-0A876296F025}.Release|Any CPU.ActiveCfg = Release|Any CPU
		{7936AFB8-8723-4793-A282-0A876296F025}.Release|Any CPU.Build.0 = Release|Any CPU
	EndGlobalSection
	GlobalSection(SolutionProperties) = preSolution
		HideSolutionNode = FALSE
	EndGlobalSection
	GlobalSection(ExtensibilityGlobals) = postSolution
		SolutionGuid = {AE6D5675-DCF7-4B80-95E3-CB4591F91668}
	EndGlobalSection
EndGlobal
